{
  "version": 4,
  "terraform_version": "1.15.3",
  "serial": 6,
  "lineage": "372a8eb4-0f20-08d7-054c-5cb2b844d3ae",
  "outputs": {},
  "resources": [
    {
      "module": "module.ebs_volume",
      "mode": "managed",
      "type": "aws_ebs_volume",
      "name": "extra",
      "provider": "provider[\"registry.terraform.io/hashicorp/aws\"]",
      "instances": [
        {
          "schema_version": 0,
          "attributes": {
            "arn": "arn:aws:ec2:us-east-1:135808914560:volume/vol-01d91bf6cfa33f1c8",
            "availability_zone": "us-east-1a",
            "create_time": "2026-09-10T21:35:42Z",
            "encrypted": true,
            "final_snapshot": false,
            "id": "vol-01d91bf6cfa33f1c8",
            "iops": 3000,
            "kms_key_id": "arn:aws:kms:us-east-1:135808914560:key/c3f8ec87-c660-4bf3-9816-262f80edd624",
            "multi_attach_enabled": false,
            "outpost_arn": "",
            "size": 10,
            "snapshot_id": "",
            "tags": {
              "Environment": "dev",
              "ManagedBy": "terraform",
              "Name": "custom-image-instance-extra-vol"
            },
            "tags_all": {
              "Environment": "dev",
              "ManagedBy": "terraform",
              "Name": "custom-image-instance-extra-vol"
            },
            "throughput": 125,
            "timeouts": null,
            "type": "gp3"
          },
          "sensitive_attributes": [],
          "identity_schema_version": 0,
          "private": "eyJlMmJmYjczMC1lY2FhLTExZTYtOGY4OC0zNDM2M2JjN2M0YzAiOnsiY3JlYXRlIjozMDAwMDAwMDAwMDAsImRlbGV0ZSI6NjAwMDAwMDAwMDAwLCJ1cGRhdGUiOjMwMDAwMDAwMDAwMH19",
          "dependencies": [
            "module.ec2_instance.aws_instance.instance-from-custom-image",
            "module.ec2_instance.aws_security_group.instance_sg",
            "module.ec2_instance.local_file.ansible_inventory"
          ]
        }
      ]
    },
    {
      "module": "module.ebs_volume",
      "mode": "managed",
      "type": "aws_volume_attachment",
      "name": "attach",
      "provider": "provider[\"registry.terraform.io/hashicorp/aws\"]",
      "instances": [
        {
          "schema_version": 0,
          "attributes": {
            "device_name": "/dev/xvdf",
            "force_detach": true,
            "id": "vai-2925127059",
            "instance_id": "i-02981ba8b6adf4377",
            "skip_destroy": null,
            "stop_instance_before_detaching": null,
            "timeouts": null,
            "volume_id": "vol-01d91bf6cfa33f1c8"
          },
          "sensitive_attributes": [],
          "identity_schema_version": 0,
          "private": "eyJlMmJmYjczMC1lY2FhLTExZTYtOGY4OC0zNDM2M2JjN2M0YzAiOnsiY3JlYXRlIjozMDAwMDAwMDAwMDAsImRlbGV0ZSI6MzAwMDAwMDAwMDAwfX0=",
          "dependencies": [
            "module.ebs_volume.aws_ebs_volume.extra",
            "module.ec2_instance.aws_instance.instance-from-custom-image",
            "module.ec2_instance.aws_security_group.instance_sg",
            "module.ec2_instance.local_file.ansible_inventory"
          ]
        }
      ]
    },
    {
      "module": "module.ec2_instance",
      "mode": "managed",
      "type": "aws_instance",
      "name": "instance-from-custom-image",
      "provider": "provider[\"registry.terraform.io/hashicorp/aws\"]",
      "instances": [
        {
          "schema_version": 1,
          "attributes": {
            "ami": "ami-0aea993da7b6ad8a4",
            "arn": "arn:aws:ec2:us-east-1:135808914560:instance/i-02981ba8b6adf4377",
            "associate_public_ip_address": true,
            "availability_zone": "us-east-1a",
            "capacity_reservation_specification": [
              {
                "capacity_reservation_preference": "open",
                "capacity_reservation_target": []
              }
            ],
            "cpu_core_count": 2,
            "cpu_options": [
              {
                "amd_sev_snp": "",
                "core_count": 2,
                "threads_per_core": 1
              }
            ],
            "cpu_threads_per_core": 1,
            "credit_specification": [
              {
                "cpu_credits": "standard"
              }
            ],
            "disable_api_stop": false,
            "disable_api_termination": false,
            "ebs_block_device": [],
            "ebs_optimized": false,
            "enable_primary_ipv6": null,
            "enclave_options": [
              {
                "enabled": false
              }
            ],
            "ephemeral_block_device": [],
            "get_password_data": false,
            "hibernation": false,
            "host_id": "",
            "host_resource_group_arn": null,
            "iam_instance_profile": "",
            "id": "i-02981ba8b6adf4377",
            "instance_initiated_shutdown_behavior": "stop",
            "instance_lifecycle": "",
            "instance_market_options": [],
            "instance_state": "running",
            "instance_type": "t2.medium",
            "ipv6_address_count": 0,
            "ipv6_addresses": [],
            "key_name": "test-key",
            "launch_template": [],
            "maintenance_options": [
              {
                "auto_recovery": "default"
              }
            ],
            "metadata_options": [
              {
                "http_endpoint": "enabled",
                "http_protocol_ipv6": "disabled",
                "http_put_response_hop_limit": 2,
                "http_tokens": "required",
                "instance_metadata_tags": "disabled"
              }
            ],
            "monitoring": false,
            "network_interface": [],
            "outpost_arn": "",
            "password_data": "",
            "placement_group": "",
            "placement_partition_number": 0,
            "primary_network_interface_id": "eni-07af1ada86e648312",
            "private_dns": "ip-172-31-82-45.ec2.internal",
            "private_dns_name_options": [
              {
                "enable_resource_name_dns_a_record": false,
                "enable_resource_name_dns_aaaa_record": false,
                "hostname_type": "ip-name"
              }
            ],
            "private_ip": "172.31.82.45",
            "public_dns": "ec2-3-91-102-240.compute-1.amazonaws.com",
            "public_ip": "3.91.102.240",
            "root_block_device": [
              {
                "delete_on_termination": true,
                "device_name": "/dev/xvda",
                "encrypted": false,
                "iops": 3000,
                "kms_key_id": "",
                "tags": null,
                "tags_all": {},
                "throughput": 125,
                "volume_id": "vol-01a8c2683596527b6",
                "volume_size": 20,
                "volume_type": "gp3"
              }
            ],
            "secondary_private_ips": [],
            "security_groups": [
              "instance-from-custom-image-sg"
            ],
            "source_dest_check": true,
            "spot_instance_request_id": "",
            "subnet_id": "subnet-06bf89b32d5720a0d",
            "tags": {
              "Environment": "dev",
              "ManagedBy": "terraform",
              "Name": "instance-from-custom-image"
            },
            "tags_all": {
              "Environment": "dev",
              "ManagedBy": "terraform",
              "Name": "instance-from-custom-image"
            },
            "tenancy": "default",
            "timeouts": null,
            "user_data": null,
            "user_data_base64": null,
            "user_data_replace_on_change": false,
            "volume_tags": null,
            "vpc_security_group_ids": [
              "sg-061cb665b6b306cba"
            ]
          },
          "sensitive_attributes": [],
          "identity_schema_version": 0,
          "private": "eyJlMmJmYjczMC1lY2FhLTExZTYtOGY4OC0zNDM2M2JjN2M0YzAiOnsiY3JlYXRlIjo2MDAwMDAwMDAwMDAsImRlbGV0ZSI6MTIwMDAwMDAwMDAwMCwicmVhZCI6OTAwMDAwMDAwMDAwLCJ1cGRhdGUiOjYwMDAwMDAwMDAwMH0sInNjaGVtYV92ZXJzaW9uIjoiMSJ9",
          "dependencies": [
            "module.ec2_instance.aws_security_group.instance_sg"
          ]
        }
      ]
    },
    {
      "module": "module.ec2_instance",
      "mode": "managed",
      "type": "aws_security_group",
      "name": "instance_sg",
      "provider": "provider[\"registry.terraform.io/hashicorp/aws\"]",
      "instances": [
        {
          "schema_version": 1,
          "attributes": {
            "arn": "arn:aws:ec2:us-east-1:135808914560:security-group/sg-061cb665b6b306cba",
            "description": "Security group for instance-from-custom-image",
            "egress": [
              {
                "cidr_blocks": [
                  "0.0.0.0/0"
                ],
                "description": "",
                "from_port": 0,
                "ipv6_cidr_blocks": [],
                "prefix_list_ids": [],
                "protocol": "-1",
                "security_groups": [],
                "self": false,
                "to_port": 0
              }
            ],
            "id": "sg-061cb665b6b306cba",
            "ingress": [
              {
                "cidr_blocks": [
                  "0.0.0.0/0"
                ],
                "description": "SSH",
                "from_port": 22,
                "ipv6_cidr_blocks": [],
                "prefix_list_ids": [],
                "protocol": "tcp",
                "security_groups": [],
                "self": false,
                "to_port": 22
              },
              {
                "cidr_blocks": [
                  "15.248.4.116/32"
                ],
                "description": "Jenkins",
                "from_port": 8080,
                "ipv6_cidr_blocks": [],
                "prefix_list_ids": [],
                "protocol": "tcp",
                "security_groups": [],
                "self": false,
                "to_port": 8080
              }
            ],
            "name": "instance-from-custom-image-sg",
            "name_prefix": "",
            "owner_id": "135808914560",
            "revoke_rules_on_delete": false,
            "tags": {
              "Name": "instance-from-custom-image-sg"
            },
            "tags_all": {
              "Name": "instance-from-custom-image-sg"
            },
            "timeouts": null,
            "vpc_id": "vpc-0ab97bcd9f7ee3269"
          },
          "sensitive_attributes": [],
          "identity_schema_version": 0,
          "private": "eyJlMmJmYjczMC1lY2FhLTExZTYtOGY4OC0zNDM2M2JjN2M0YzAiOnsiY3JlYXRlIjo2MDAwMDAwMDAwMDAsImRlbGV0ZSI6OTAwMDAwMDAwMDAwfSwic2NoZW1hX3ZlcnNpb24iOiIxIn0="
        }
      ]
    },
    {
      "module": "module.ec2_instance",
      "mode": "managed",
      "type": "local_file",
      "name": "ansible_inventory",
      "provider": "provider[\"registry.terraform.io/hashicorp/local\"]",
      "instances": [
        {
          "schema_version": 0,
          "attributes": {
            "content": "[instance-from-custom-image]\n3.91.102.240 ansible_user=ec2_user ansible_ssh_private_key_file =~/Downloads/test-key.pem\n\n[all:vars]\nansible_ssh_common_args='-o StrictHostKeyChecking=no'\n",
            "content_base64": null,
            "content_base64sha256": "i1cfSFsbplljVG9m7oV5lMkqKYVkQE3RMHE117EnLKE=",
            "content_base64sha512": "LILNcc1dIDcRGD5kkGtmOimhARGnttUgYyqo1MDeNaV5OL6exDGzK6iEmSLKA8iUWu8zaziHZ7evVptOc5cK7Q==",
            "content_md5": "8df60b9c38b255d4e026b61759c5095c",
            "content_sha1": "0877192b44c6de66d7a8dcb331f1915d76f011e7",
            "content_sha256": "8b571f485b1ba65963546f66ee857994c92a298564404dd1307135d7b1272ca1",
            "content_sha512": "2c82cd71cd5d203711183e64906b663a29a10111a7b6d520632aa8d4c0de35a57938be9ec431b32ba8849922ca03c8945aef336b388767b7af569b4e73970aed",
            "directory_permission": "0777",
            "file_permission": "0777",
            "filename": "modules/ec2_instance/../ansible/inventory.ini",
            "id": "0877192b44c6de66d7a8dcb331f1915d76f011e7",
            "sensitive_content": null,
            "source": null
          },
          "sensitive_attributes": [
            [
              {
                "type": "get_attr",
                "value": "sensitive_content"
              }
            ]
          ],
          "identity_schema_version": 0,
          "dependencies": [
            "module.ec2_instance.aws_instance.instance-from-custom-image",
            "module.ec2_instance.aws_security_group.instance_sg"
          ]
        }
      ]
    }
  ],
  "check_results": null
}
